
Microsoft Visual Studio Solution File, Format Version 12.00
# Visual Studio Version 17
VisualStudioVersion = 17.11.35312.102
MinimumVisualStudioVersion = 10.0.40219.1
Project("{9A19103F-16F7-4668-BE54-9A1E7A4F7556}") = "SipPOS", "SipPOS.csproj", "{2C47BA27-6FC2-40A9-A81D-A7D0FEB6A48A}"
EndProject
Project("{FAE04EC0-301F-11D3-BF4B-00C04F79EFBC}") = "SipPOS.UnitTest", "..\SipPOS.UnitTest\SipPOS.UnitTest.csproj", "{4ABEE52C-0588-4460-8B9B-1D6065FA8F89}"
EndProject
Global
	GlobalSection(SolutionConfigurationPlatforms) = preSolution
		Debug|Any CPU = Debug|Any CPU
		Debug|ARM64 = Debug|ARM64
		Debug|x64 = Debug|x64
		Debug|x86 = Debug|x86
		Release|Any CPU = Release|Any CPU
		Release|ARM64 = Release|ARM64
		Release|x64 = Release|x64
		Release|x86 = Release|x86
	EndGlobalSection
	GlobalSection(ProjectConfigurationPlatforms) = postSolution
		{2C47BA27-6FC2-40A9-A81D-A7D0FEB6A48A}.Debug|Any CPU.ActiveCfg = Debug|x64
		{2C47BA27-6FC2-40A9-A81D-A7D0FEB6A48A}.Debug|Any CPU.Build.0 = Debug|x64
		{2C47BA27-6FC2-40A9-A81D-A7D0FEB6A48A}.Debug|Any CPU.Deploy.0 = Debug|x64
		{2C47BA27-6FC2-40A9-A81D-A7D0FEB6A48A}.Debug|ARM64.ActiveCfg = Debug|ARM64
		{2C47BA27-6FC2-40A9-A81D-A7D0FEB6A48A}.Debug|ARM64.Build.0 = Debug|ARM64
		{2C47BA27-6FC2-40A9-A81D-A7D0FEB6A48A}.Debug|ARM64.Deploy.0 = Debug|ARM64
		{2C47BA27-6FC2-40A9-A81D-A7D0FEB6A48A}.Debug|x64.ActiveCfg = Debug|x64
		{2C47BA27-6FC2-40A9-A81D-A7D0FEB6A48A}.Debug|x64.Build.0 = Debug|x64
		{2C47BA27-6FC2-40A9-A81D-A7D0FEB6A48A}.Debug|x64.Deploy.0 = Debug|x64
		{2C47BA27-6FC2-40A9-A81D-A7D0FEB6A48A}.Debug|x86.ActiveCfg = Debug|x86
		{2C47BA27-6FC2-40A9-A81D-A7D0FEB6A48A}.Debug|x86.Build.0 = Debug|x86
		{2C47BA27-6FC2-40A9-A81D-A7D0FEB6A48A}.Debug|x86.Deploy.0 = Debug|x86
		{2C47BA27-6FC2-40A9-A81D-A7D0FEB6A48A}.Release|Any CPU.ActiveCfg = Release|x64
		{2C47BA27-6FC2-40A9-A81D-A7D0FEB6A48A}.Release|Any CPU.Build.0 = Release|x64
		{2C47BA27-6FC2-40A9-A81D-A7D0FEB6A48A}.Release|Any CPU.Deploy.0 = Release|x64
		{2C47BA27-6FC2-40A9-A81D-A7D0FEB6A48A}.Release|ARM64.ActiveCfg = Release|ARM64
		{2C47BA27-6FC2-40A9-A81D-A7D0FEB6A48A}.Release|ARM64.Build.0 = Release|ARM64
		{2C47BA27-6FC2-40A9-A81D-A7D0FEB6A48A}.Release|ARM64.Deploy.0 = Release|ARM64
		{2C47BA27-6FC2-40A9-A81D-A7D0FEB6A48A}.Release|x64.ActiveCfg = Release|x64
		{2C47BA27-6FC2-40A9-A81D-A7D0FEB6A48A}.Release|x64.Build.0 = Release|x64
		{2C47BA27-6FC2-40A9-A81D-A7D0FEB6A48A}.Release|x64.Deploy.0 = Release|x64
		{2C47BA27-6FC2-40A9-A81D-A7D0FEB6A48A}.Release|x86.ActiveCfg = Release|x86
		{2C47BA27-6FC2-40A9-A81D-A7D0FEB6A48A}.Release|x86.Build.0 = Release|x86
		{2C47BA27-6FC2-40A9-A81D-A7D0FEB6A48A}.Release|x86.Deploy.0 = Release|x86
		{4ABEE52C-0588-4460-8B9B-1D6065FA8F89}.Debug|Any CPU.ActiveCfg = Debug|x64
		{4ABEE52C-0588-4460-8B9B-1D6065FA8F89}.Debug|Any CPU.Build.0 = Debug|x64
		{4ABEE52C-0588-4460-8B9B-1D6065FA8F89}.Debug|Any CPU.Deploy.0 = Debug|x64
		{4ABEE52C-0588-4460-8B9B-1D6065FA8F89}.Debug|ARM64.ActiveCfg = Debug|ARM64
		{4ABEE52C-0588-4460-8B9B-1D6065FA8F89}.Debug|ARM64.Build.0 = Debug|ARM64
		{4ABEE52C-0588-4460-8B9B-1D6065FA8F89}.Debug|ARM64.Deploy.0 = Debug|ARM64
		{4ABEE52C-0588-4460-8B9B-1D6065FA8F89}.Debug|x64.ActiveCfg = Debug|x64
		{4ABEE52C-0588-4460-8B9B-1D6065FA8F89}.Debug|x64.Build.0 = Debug|x64
		{4ABEE52C-0588-4460-8B9B-1D6065FA8F89}.Debug|x64.Deploy.0 = Debug|x64
		{4ABEE52C-0588-4460-8B9B-1D6065FA8F89}.Debug|x86.ActiveCfg = Debug|x86
		{4ABEE52C-0588-4460-8B9B-1D6065FA8F89}.Debug|x86.Build.0 = Debug|x86
		{4ABEE52C-0588-4460-8B9B-1D6065FA8F89}.Debug|x86.Deploy.0 = Debug|x86
		{4ABEE52C-0588-4460-8B9B-1D6065FA8F89}.Release|Any CPU.ActiveCfg = Release|x64
		{4ABEE52C-0588-4460-8B9B-1D6065FA8F89}.Release|Any CPU.Build.0 = Release|x64
		{4ABEE52C-0588-4460-8B9B-1D6065FA8F89}.Release|Any CPU.Deploy.0 = Release|x64
		{4ABEE52C-0588-4460-8B9B-1D6065FA8F89}.Release|ARM64.ActiveCfg = Release|ARM64
		{4ABEE52C-0588-4460-8B9B-1D6065FA8F89}.Release|ARM64.Build.0 = Release|ARM64
		{4ABEE52C-0588-4460-8B9B-1D6065FA8F89}.Release|ARM64.Deploy.0 = Release|ARM64
		{4ABEE52C-0588-4460-8B9B-1D6065FA8F89}.Release|x64.ActiveCfg = Release|x64
		{4ABEE52C-0588-4460-8B9B-1D6065FA8F89}.Release|x64.Build.0 = Release|x64
		{4ABEE52C-0588-4460-8B9B-1D6065FA8F89}.Release|x64.Deploy.0 = Release|x64
		{4ABEE52C-0588-4460-8B9B-1D6065FA8F89}.Release|x86.ActiveCfg = Release|x86
		{4ABEE52C-0588-4460-8B9B-1D6065FA8F89}.Release|x86.Build.0 = Release|x86
		{4ABEE52C-0588-4460-8B9B-1D6065FA8F89}.Release|x86.Deploy.0 = Release|x86
	EndGlobalSection
	GlobalSection(SolutionProperties) = preSolution
		HideSolutionNode = FALSE
	EndGlobalSection
	GlobalSection(ExtensibilityGlobals) = postSolution
		SolutionGuid = {7F4952AC-5FE3-41A8-8279-5D5524F278D2}
	EndGlobalSection
EndGlobal
